// !$*UTF8*$!
{
	archiveVersion = 1;
	classes = {
	};
	objectVersion = 50;
	objects = {

/* Begin PBXBuildFile section */
		1E9ED75824AE6F3E00C93C00 /* AppDelegate.swift in Sources */ = {isa = PBXBuildFile; fileRef = 1E9ED75724AE6F3E00C93C00 /* AppDelegate.swift */; };
		1E9ED75A24AE6F3E00C93C00 /* SceneDelegate.swift in Sources */ = {isa = PBXBuildFile; fileRef = 1E9ED75924AE6F3E00C93C00 /* SceneDelegate.swift */; };
		1E9ED75C24AE6F3E00C93C00 /* ViewController.swift in Sources */ = {isa = PBXBuildFile; fileRef = 1E9ED75B24AE6F3E00C93C00 /* ViewController.swift */; };
		1E9ED75F24AE6F3E00C93C00 /* Main.storyboard in Resources */ = {isa = PBXBuildFile; fileRef = 1E9ED75D24AE6F3E00C93C00 /* Main.storyboard */; };
		1E9ED76224AE6F3E00C93C00 /* Minhas_Notas_Diarias.xcdatamodeld in Sources */ = {isa = PBXBuildFile; fileRef = 1E9ED76024AE6F3E00C93C00 /* Minhas_Notas_Diarias.xcdatamodeld */; };
		1E9ED76424AE6F4100C93C00 /* Assets.xcassets in Resources */ = {isa = PBXBuildFile; fileRef = 1E9ED76324AE6F4100C93C00 /* Assets.xcassets */; };
		1E9ED76724AE6F4100C93C00 /* LaunchScreen.storyboard in Resources */ = {isa = PBXBuildFile; fileRef = 1E9ED76524AE6F4100C93C00 /* LaunchScreen.storyboard */; };
/* End PBXBuildFile section */

/* Begin PBXFileReference section */
		1E9ED75424AE6F3E00C93C00 /* Minhas Notas Diarias.app */ = {isa = PBXFileReference; explicitFileType = wrapper.application; includeInIndex = 0; path = "Minhas Notas Diarias.app"; sourceTree = BUILT_PRODUCTS_DIR; };
		1E9ED75724AE6F3E00C93C00 /* AppDelegate.swift */ = {isa = PBXFileReference; lastKnownFileType = sourcecode.swift; path = AppDelegate.swift; sourceTree = "<group>"; };
		1E9ED75924AE6F3E00C93C00 /* SceneDelegate.swift */ = {isa = PBXFileReference; lastKnownFileType = sourcecode.swift; path = SceneDelegate.swift; sourceTree = "<group>"; };
		1E9ED75B24AE6F3E00C93C00 /* ViewController.swift */ = {isa = PBXFileReference; lastKnownFileType = sourcecode.swift; path = ViewController.swift; sourceTree = "<group>"; };
		1E9ED75E24AE6F3E00C93C00 /* Base */ = {isa = PBXFileReference; lastKnownFileType = file.storyboard; name = Base; path = Base.lproj/Main.storyboard; sourceTree = "<group>"; };
		1E9ED76124AE6F3E00C93C00 /* Minhas_Notas_Diarias.xcdatamodel */ = {isa = PBXFileReference; lastKnownFileType = wrapper.xcdatamodel; path = Minhas_Notas_Diarias.xcdatamodel; sourceTree = "<group>"; };
		1E9ED76324AE6F4100C93C00 /* Assets.xcassets */ = {isa = PBXFileReference; lastKnownFileType = folder.assetcatalog; path = Assets.xcassets; sourceTree = "<group>"; };
		1E9ED76624AE6F4100C93C00 /* Base */ = {isa = PBXFileReference; lastKnownFileType = file.storyboard; name = Base; path = Base.lproj/LaunchScreen.storyboard; sourceTree = "<group>"; };
		1E9ED76824AE6F4100C93C00 /* Info.plist */ = {isa = PBXFileReference; lastKnownFileType = text.plist.xml; path = Info.plist; sourceTree = "<group>"; };
/* End PBXFileReference section */

/* Begin PBXFrameworksBuildPhase section */
		1E9ED75124AE6F3E00C93C00 /* Frameworks */ = {
			isa = PBXFrameworksBuildPhase;
			buildActionMask = 2147483647;
			files = (
			);
			runOnlyForDeploymentPostprocessing = 0;
		};
/* End PBXFrameworksBuildPhase section */

/* Begin PBXGroup section */
		1E9ED74B24AE6F3E00C93C00 = {
			isa = PBXGroup;
			children = (
				1E9ED75624AE6F3E00C93C00 /* Minhas Notas Diarias */,
				1E9ED75524AE6F3E00C93C00 /* Products */,
			);
			sourceTree = "<group>";
		};
		1E9ED75524AE6F3E00C93C00 /* Products */ = {
			isa = PBXGroup;
			children = (
				1E9ED75424AE6F3E00C93C00 /* Minhas Notas Diarias.app */,
			);
			name = Products;
			sourceTree = "<group>";
		};
		1E9ED75624AE6F3E00C93C00 /* Minhas Notas Diarias */ = {
			isa = PBXGroup;
			children = (
				1E9ED75724AE6F3E00C93C00 /* AppDelegate.swift */,
				1E9ED75924AE6F3E00C93C00 /* SceneDelegate.swift */,
				1E9ED75B24AE6F3E00C93C00 /* ViewController.swift */,
				1E9ED75D24AE6F3E00C93C00 /* Main.storyboard */,
				1E9ED76324AE6F4100C93C00 /* Assets.xcassets */,
				1E9ED76524AE6F4100C93C00 /* LaunchScreen.storyboard */,
				1E9ED76824AE6F4100C93C00 /* Info.plist */,
				1E9ED76024AE6F3E00C93C00 /* Minhas_Notas_Diarias.xcdatamodeld */,
			);
			path = "Minhas Notas Diarias";
			sourceTree = "<group>";
		};
/* End PBXGroup section */

/* Begin PBXNativeTarget section */
		1E9ED75324AE6F3E00C93C00 /* Minhas Notas Diarias */ = {
			isa = PBXNativeTarget;
			buildConfigurationList = 1E9ED76B24AE6F4100C93C00 /* Build configuration list for PBXNativeTarget "Minhas Notas Diarias" */;
			buildPhases = (
				1E9ED75024AE6F3E00C93C00 /* Sources */,
				1E9ED75124AE6F3E00C93C00 /* Frameworks */,
				1E9ED75224AE6F3E00C93C00 /* Resources */,
			);
			buildRules = (
			);
			dependencies = (
			);
			name = "Minhas Notas Diarias";
			productName = "Minhas Notas Diarias";
			productReference = 1E9ED75424AE6F3E00C93C00 /* Minhas Notas Diarias.app */;
			productType = "com.apple.product-type.application";
		};
/* End PBXNativeTarget section */

/* Begin PBXProject section */
		1E9ED74C24AE6F3E00C93C00 /* Project object */ = {
			isa = PBXProject;
			attributes = {
				LastSwiftUpdateCheck = 1150;
				LastUpgradeCheck = 1150;
				ORGANIZATIONNAME = "Kaique Lopes";
				TargetAttributes = {
					1E9ED75324AE6F3E00C93C00 = {
						CreatedOnToolsVersion = 11.5;
					};
				};
			};
			buildConfigurationList = 1E9ED74F24AE6F3E00C93C00 /* Build configuration list for PBXProject "Minhas Notas Diarias" */;
			compatibilityVersion = "Xcode 9.3";
			developmentRegion = en;
			hasScannedForEncodings = 0;
			knownRegions = (
				en,
				Base,
			);
			mainGroup = 1E9ED74B24AE6F3E00C93C00;
			productRefGroup = 1E9ED75524AE6F3E00C93C00 /* Products */;
			projectDirPath = "";
			projectRoot = "";
			targets = (
				1E9ED75324AE6F3E00C93C00 /* Minhas Notas Diarias */,
			);
		};
/* End PBXProject section */

/* Begin PBXResourcesBuildPhase section */
		1E9ED75224AE6F3E00C93C00 /* Resources */ = {
			isa = PBXResourcesBuildPhase;
			buildActionMask = 2147483647;
			files = (
				1E9ED76724AE6F4100C93C00 /* LaunchScreen.storyboard in Resources */,
				1E9ED76424AE6F4100C93C00 /* Assets.xcassets in Resources */,
				1E9ED75F24AE6F3E00C93C00 /* Main.storyboard in Resources */,
			);
			runOnlyForDeploymentPostprocessing = 0;
		};
/* End PBXResourcesBuildPhase section */

/* Begin PBXSourcesBuildPhase section */
		1E9ED75024AE6F3E00C93C00 /* Sources */ = {
			isa = PBXSourcesBuildPhase;
			buildActionMask = 2147483647;
			files = (
				1E9ED75C24AE6F3E00C93C00 /* ViewController.swift in Sources */,
				1E9ED75824AE6F3E00C93C00 /* AppDelegate.swift in Sources */,
				1E9ED75A24AE6F3E00C93C00 /* SceneDelegate.swift in Sources */,
				1E9ED76224AE6F3E00C93C00 /* Minhas_Notas_Diarias.xcdatamodeld in Sources */,
			);
			runOnlyForDeploymentPostprocessing = 0;
		};
/* End PBXSourcesBuildPhase section */

/* Begin PBXVariantGroup section */
		1E9ED75D24AE6F3E00C93C00 /* Main.storyboard */ = {
			isa = PBXVariantGroup;
			children = (
				1E9ED75E24AE6F3E00C93C00 /* Base */,
			);
			name = Main.storyboard;
			sourceTree = "<group>";
		};
		1E9ED76524AE6F4100C93C00 /* LaunchScreen.storyboard */ = {
			isa = PBXVariantGroup;
			children = (
				1E9ED76624AE6F4100C93C00 /* Base */,
			);
			name = LaunchScreen.storyboard;
			sourceTree = "<group>";
		};
/* End PBXVariantGroup section */

/* Begin XCBuildConfiguration section */
		1E9ED76924AE6F4100C93C00 /* Debug */ = {
			isa = XCBuildConfiguration;
			buildSettings = {
				ALWAYS_SEARCH_USER_PATHS = NO;
				CLANG_ANALYZER_NONNULL = YES;
				CLANG_ANALYZER_NUMBER_OBJECT_CONVERSION = YES_AGGRESSIVE;
				CLANG_CXX_LANGUAGE_STANDARD = "gnu++14";
				CLANG_CXX_LIBRARY = "libc++";
				CLANG_ENABLE_MODULES = YES;
				CLANG_ENABLE_OBJC_ARC = YES;
				CLANG_ENABLE_OBJC_WEAK = YES;
				CLANG_WARN_BLOCK_CAPTURE_AUTORELEASING = YES;
				CLANG_WARN_BOOL_CONVERSION = YES;
				CLANG_WARN_COMMA = YES;
				CLANG_WARN_CONSTANT_CONVERSION = YES;
				CLANG_WARN_DEPRECATED_OBJC_IMPLEMENTATIONS = YES;
				CLANG_WARN_DIRECT_OBJC_ISA_USAGE = YES_ERROR;
				CLANG_WARN_DOCUMENTATION_COMMENTS = YES;
				CLANG_WARN_EMPTY_BODY = YES;
				CLANG_WARN_ENUM_CONVERSION = YES;
				CLANG_WARN_INFINITE_RECURSION = YES;
				CLANG_WARN_INT_CONVERSION = YES;
				CLANG_WARN_NON_LITERAL_NULL_CONVERSION = YES;
				CLANG_WARN_OBJC_IMPLICIT_RETAIN_SELF = YES;
				CLANG_WARN_OBJC_LITERAL_CONVERSION = YES;
				CLANG_WARN_OBJC_ROOT_CLASS = YES_ERROR;
				CLANG_WARN_RANGE_LOOP_ANALYSIS = YES;
				CLANG_WARN_STRICT_PROTOTYPES = YES;
				CLANG_WARN_SUSPICIOUS_MOVE = YES;
				CLANG_WARN_UNGUARDED_AVAILABILITY = YES_AGGRESSIVE;
				CLANG_WARN_UNREACHABLE_CODE = YES;
				CLANG_WARN__DUPLICATE_METHOD_MATCH = YES;
				COPY_PHASE_STRIP = NO;
				DEBUG_INFORMATION_FORMAT = dwarf;
				ENABLE_STRICT_OBJC_MSGSEND = YES;
				ENABLE_TESTABILITY = YES;
				GCC_C_LANGUAGE_STANDARD = gnu11;
				GCC_DYNAMIC_NO_PIC = NO;
				GCC_NO_COMMON_BLOCKS = YES;
				GCC_OPTIMIZATION_LEVEL = 0;
				GCC_PREPROCESSOR_DEFINITIONS = (
					"DEBUG=1",
					"$(inherited)",
				);
				GCC_WARN_64_TO_32_BIT_CONVERSION = YES;
				GCC_WARN_ABOUT_RETURN_TYPE = YES_ERROR;
				GCC_WARN_UNDECLARED_SELECTOR = YES;
				GCC_WARN_UNINITIALIZED_AUTOS = YES_AGGRESSIVE;
				GCC_WARN_UNUSED_FUNCTION = YES;
				GCC_WARN_UNUSED_VARIABLE = YES;
				IPHONEOS_DEPLOYMENT_TARGET = 13.5;
				MTL_ENABLE_DEBUG_INFO = INCLUDE_SOURCE;
				MTL_FAST_MATH = YES;
				ONLY_ACTIVE_ARCH = YES;
				SDKROOT = iphoneos;
				SWIFT_ACTIVE_COMPILATION_CONDITIONS = DEBUG;
				SWIFT_OPTIMIZATION_LEVEL = "-Onone";
			};
			name = Debug;
		};
		1E9ED76A24AE6F4100C93C00 /* Release */ = {
			isa = XCBuildConfiguration;
			buildSettings = {
				ALWAYS_SEARCH_USER_PATHS = NO;
				CLANG_ANALYZER_NONNULL = YES;
				CLANG_ANALYZER_NUMBER_OBJECT_CONVERSION = YES_AGGRESSIVE;
				CLANG_CXX_LANGUAGE_STANDARD = "gnu++14";
				CLANG_CXX_LIBRARY = "libc++";
				CLANG_ENABLE_MODULES = YES;
				CLANG_ENABLE_OBJC_ARC = YES;
				CLANG_ENABLE_OBJC_WEAK = YES;
				CLANG_WARN_BLOCK_CAPTURE_AUTORELEASING = YES;
				CLANG_WARN_BOOL_CONVERSION = YES;
				CLANG_WARN_COMMA = YES;
				CLANG_WARN_CONSTANT_CONVERSION = YES;
				CLANG_WARN_DEPRECATED_OBJC_IMPLEMENTATIONS = YES;
				CLANG_WARN_DIRECT_OBJC_ISA_USAGE = YES_ERROR;
				CLANG_WARN_DOCUMENTATION_COMMENTS = YES;
				CLANG_WARN_EMPTY_BODY = YES;
				CLANG_WARN_ENUM_CONVERSION = YES;
				CLANG_WARN_INFINITE_RECURSION = YES;
				CLANG_WARN_INT_CONVERSION = YES;
				CLANG_WARN_NON_LITERAL_NULL_CONVERSION = YES;
				CLANG_WARN_OBJC_IMPLICIT_RETAIN_SELF = YES;
				CLANG_WARN_OBJC_LITERAL_CONVERSION = YES;
				CLANG_WARN_OBJC_ROOT_CLASS = YES_ERROR;
				CLANG_WARN_RANGE_LOOP_ANALYSIS = YES;
				CLANG_WARN_STRICT_PROTOTYPES = YES;
				CLANG_WARN_SUSPICIOUS_MOVE = YES;
				CLANG_WARN_UNGUARDED_AVAILABILITY = YES_AGGRESSIVE;
				CLANG_WARN_UNREACHABLE_CODE = YES;
				CLANG_WARN__DUPLICATE_METHOD_MATCH = YES;
				COPY_PHASE_STRIP = NO;
				DEBUG_INFORMATION_FORMAT = "dwarf-with-dsym";
				ENABLE_NS_ASSERTIONS = NO;
				ENABLE_STRICT_OBJC_MSGSEND = YES;
				GCC_C_LANGUAGE_STANDARD = gnu11;
				GCC_NO_COMMON_BLOCKS = YES;
				GCC_WARN_64_TO_32_BIT_CONVERSION = YES;
				GCC_WARN_ABOUT_RETURN_TYPE = YES_ERROR;
				GCC_WARN_UNDECLARED_SELECTOR = YES;
				GCC_WARN_UNINITIALIZED_AUTOS = YES_AGGRESSIVE;
				GCC_WARN_UNUSED_FUNCTION = YES;
				GCC_WARN_UNUSED_VARIABLE = YES;
				IPHONEOS_DEPLOYMENT_TARGET = 13.5;
				MTL_ENABLE_DEBUG_INFO = NO;
				MTL_FAST_MATH = YES;
				SDKROOT = iphoneos;
				SWIFT_COMPILATION_MODE = wholemodule;
				SWIFT_OPTIMIZATION_LEVEL = "-O";
				VALIDATE_PRODUCT = YES;
			};
			name = Release;
		};
		1E9ED76C24AE6F4100C93C00 /* Debug */ = {
			isa = XCBuildConfiguration;
			buildSettings = {
				ASSETCATALOG_COMPILER_APPICON_NAME = AppIcon;
				CODE_SIGN_STYLE = Automatic;
				DEVELOPMENT_TEAM = 9Y3YYN3XLN;
				INFOPLIST_FILE = "Minhas Notas Diarias/Info.plist";
				LD_RUNPATH_SEARCH_PATHS = (
					"$(inherited)",
					"@executable_path/Frameworks",
				);
				PRODUCT_BUNDLE_IDENTIFIER = "com.kaique.Minhas-Notas-Diarias";
				PRODUCT_NAME = "$(TARGET_NAME)";
				SWIFT_VERSION = 5.0;
				TARGETED_DEVICE_FAMILY = "1,2";
			};
			name = Debug;
		};
		1E9ED76D24AE6F4100C93C00 /* Release */ = {
			isa = XCBuildConfiguration;
			buildSettings = {
				ASSETCATALOG_COMPILER_APPICON_NAME = AppIcon;
				CODE_SIGN_STYLE = Automatic;
				DEVELOPMENT_TEAM = 9Y3YYN3XLN;
				INFOPLIST_FILE = "Minhas Notas Diarias/Info.plist";
				LD_RUNPATH_SEARCH_PATHS = (
					"$(inherited)",
					"@executable_path/Frameworks",
				);
				PRODUCT_BUNDLE_IDENTIFIER = "com.kaique.Minhas-Notas-Diarias";
				PRODUCT_NAME = "$(TARGET_NAME)";
				SWIFT_VERSION = 5.0;
				TARGETED_DEVICE_FAMILY = "1,2";
			};
			name = Release;
		};
/* End XCBuildConfiguration section */

/* Begin XCConfigurationList section */
		1E9ED74F24AE6F3E00C93C00 /* Build configuration list for PBXProject "Minhas Notas Diarias" */ = {
			isa = XCConfigurationList;
			buildConfigurations = (
				1E9ED76924AE6F4100C93C00 /* Debug */,
				1E9ED76A24AE6F4100C93C00 /* Release */,
			);
			defaultConfigurationIsVisible = 0;
			defaultConfigurationName = Release;
		};
		1E9ED76B24AE6F4100C93C00 /* Build configuration list for PBXNativeTarget "Minhas Notas Diarias" */ = {
			isa = XCConfigurationList;
			buildConfigurations = (
				1E9ED76C24AE6F4100C93C00 /* Debug */,
				1E9ED76D24AE6F4100C93C00 /* Release */,
			);
			defaultConfigurationIsVisible = 0;
			defaultConfigurationName = Release;
		};
/* End XCConfigurationList section */

/* Begin XCVersionGroup section */
		1E9ED76024AE6F3E00C93C00 /* Minhas_Notas_Diarias.xcdatamodeld */ = {
			isa = XCVersionGroup;
			children = (
				1E9ED76124AE6F3E00C93C00 /* Minhas_Notas_Diarias.xcdatamodel */,
			);
			currentVersion = 1E9ED76124AE6F3E00C93C00 /* Minhas_Notas_Diarias.xcdatamodel */;
			path = Minhas_Notas_Diarias.xcdatamodeld;
			sourceTree = "<group>";
			versionGroupType = wrapper.xcdatamodel;
		};
/* End XCVersionGroup section */
	};
	rootObject = 1E9ED74C24AE6F3E00C93C00 /* Project object */;
}
